
Microsoft Visual Studio Solution File, Format Version 12.00
# Visual Studio Version 17
VisualStudioVersion = 17.9.34622.214
MinimumVisualStudioVersion = 10.0.40219.1
Project("{FAE04EC0-301F-11D3-BF4B-00C04F79EFBC}") = "adotoaspcorewebapi", "adotoaspcorewebapi\adotoaspcorewebapi.csproj", "{63036487-34E9-468B-9933-F551F801C08B}"
EndProject
Global
	GlobalSection(SolutionConfigurationPlatforms) = preSolution
		Debug|Any CPU = Debug|Any CPU
		Release|Any CPU = Release|Any CPU
	EndGlobalSection
	GlobalSection(ProjectConfigurationPlatforms) = postSolution
		{63036487-34E9-468B-9933-F551F801C08B}.Debug|Any CPU.ActiveCfg = Debug|Any CPU
		{63036487-34E9-468B-9933-F551F801C08B}.Debug|Any CPU.Build.0 = Debug|Any CPU
		{63036487-34E9-468B-9933-F551F801C08B}.Release|Any CPU.ActiveCfg = Release|Any CPU
		{63036487-34E9-468B-9933-F551F801C08B}.Release|Any CPU.Build.0 = Release|Any CPU
	EndGlobalSection
	GlobalSection(SolutionProperties) = preSolution
		HideSolutionNode = FALSE
	EndGlobalSection
	GlobalSection(ExtensibilityGlobals) = postSolution
		SolutionGuid = {4926C3F1-EE61-4B55-8271-2FCEFAB2030F}
	EndGlobalSection
EndGlobal
